
Microsoft Visual Studio Solution File, Format Version 12.00
# Visual Studio Version 16
VisualStudioVersion = 16.0.33927.289
MinimumVisualStudioVersion = 10.0.40219.1
Project("{FAE04EC0-301F-11D3-BF4B-00C04F79EFBC}") = "STM_labs_Practice", "STM_labs_Practice\STM_labs_Practice.csproj", "{C879B41D-BEDB-4C17-BAB1-60456701A1EF}"
EndProject
Global
	GlobalSection(SolutionConfigurationPlatforms) = preSolution
		Debug|Any CPU = Debug|Any CPU
		Release|Any CPU = Release|Any CPU
	EndGlobalSection
	GlobalSection(ProjectConfigurationPlatforms) = postSolution
		{C879B41D-BEDB-4C17-BAB1-60456701A1EF}.Debug|Any CPU.ActiveCfg = Debug|Any CPU
		{C879B41D-BEDB-4C17-BAB1-60456701A1EF}.Debug|Any CPU.Build.0 = Debug|Any CPU
		{C879B41D-BEDB-4C17-BAB1-60456701A1EF}.Release|Any CPU.ActiveCfg = Release|Any CPU
		{C879B41D-BEDB-4C17-BAB1-60456701A1EF}.Release|Any CPU.Build.0 = Release|Any CPU
	EndGlobalSection
	GlobalSection(SolutionProperties) = preSolution
		HideSolutionNode = FALSE
	EndGlobalSection
	GlobalSection(ExtensibilityGlobals) = postSolution
		SolutionGuid = {9AF402F8-D8B2-497E-87A5-F85B9A466E92}
	EndGlobalSection
EndGlobal
